{
  "name": "force-commit-available-recruits",
  "version": "1.0.0",
  "lockfileVersion": 3,
  "requires": true,
  "packages": {
    "": {
      "name": "force-commit-available-recruits",
      "version": "1.0.0",
      "dependencies": {
        "@toondepauw/node-zstd": "^2.0.0",
        "madden-franchise": "^4.2.2"
      }
    },
    "node_modules/@nodable/entities": {
      "version": "2.2.0",
      "resolved": "https://registry.npmjs.org/@nodable/entities/-/entities-2.2.0.tgz",
      "integrity": "sha512-9uGyhaQavEUMC8AIddIjau4NsnsXhou+j5sBAGojCM1oxmQpVKTWR/9JxABD6UAv12vpIms55fPZKFQEhG6uBg==",
      "funding": [
        {
          "type": "github",
          "url": "https://github.com/sponsors/nodable"
        }
      ],
      "license": "MIT"
    },
    "node_modules/@toondepauw/node-zstd": {
      "version": "2.0.0",
      "resolved": "https://registry.npmjs.org/@toondepauw/node-zstd/-/node-zstd-2.0.0.tgz",
      "integrity": "sha512-wbHeWaxc9opOak+gIlP+SsI3mxpr8Qra0TrvoBA60uQbQjooPFAq+2BcsYlXMrMieF1eS4pSWZ4o4Y0s+W3Yeg==",
      "license": "MIT",
      "engines": {
        "node": ">= 20"
      },
      "optionalDependencies": {
        "@toondepauw/node-zstd-darwin-arm64": "2.0.0",
        "@toondepauw/node-zstd-darwin-x64": "2.0.0",
        "@toondepauw/node-zstd-linux-arm64-gnu": "2.0.0",
        "@toondepauw/node-zstd-linux-arm64-musl": "2.0.0",
        "@toondepauw/node-zstd-linux-x64-gnu": "2.0.0",
        "@toondepauw/node-zstd-linux-x64-musl": "2.0.0",
        "@toondepauw/node-zstd-win32-x64-msvc": "2.0.0"
      }
    },
    "node_modules/@toondepauw/node-zstd-darwin-arm64": {
      "version": "2.0.0",
      "resolved": "https://registry.npmjs.org/@toondepauw/node-zstd-darwin-arm64/-/node-zstd-darwin-arm64-2.0.0.tgz",
      "integrity": "sha512-u8WVjlJ7PZuRXIUMzQ+x6g0O3W2M7ivirb9AJh7hrXF/smyLmglzw4QzW1RSEjdkOSW2dVf1CSMIczNnXupjtw==",
      "cpu": [
        "arm64"
      ],
      "license": "MIT",
      "optional": true,
      "os": [
        "darwin"
      ],
      "engines": {
        "node": ">= 20"
      }
    },
    "node_modules/@toondepauw/node-zstd-darwin-x64": {
      "version": "2.0.0",
      "resolved": "https://registry.npmjs.org/@toondepauw/node-zstd-darwin-x64/-/node-zstd-darwin-x64-2.0.0.tgz",
      "integrity": "sha512-YBKW1UIKc+tWQqQFdNx5Ns9eXFWByLacLQ3nwsEjzMOVVphCBcl/gbkSRUtF6KKLvL1jT5sItNUPIZ3GNWpP1A==",
      "cpu": [
        "x64"
      ],
      "license": "MIT",
      "optional": true,
      "os": [
        "darwin"
      ],
      "engines": {
        "node": ">= 20"
      }
    },
    "node_modules/@toondepauw/node-zstd-linux-arm64-gnu": {
      "version": "2.0.0",
      "resolved": "https://registry.npmjs.org/@toondepauw/node-zstd-linux-arm64-gnu/-/node-zstd-linux-arm64-gnu-2.0.0.tgz",
      "integrity": "sha512-idVEIFPaK9XEG6B72NCgRJZmcYG4RhIfWPDUx2hSCIfZrmVvbE60IWSwEuqz7v+ywfNaWC1/W42iLy1cgqhcPw==",
      "cpu": [
        "arm64"
      ],
      "libc": [
        "glibc"
      ],
      "license": "MIT",
      "optional": true,
      "os": [
        "linux"
      ],
      "engines": {
        "node": ">= 20"
      }
    },
    "node_modules/@toondepauw/node-zstd-linux-arm64-musl": {
      "version": "2.0.0",
      "resolved": "https://registry.npmjs.org/@toondepauw/node-zstd-linux-arm64-musl/-/node-zstd-linux-arm64-musl-2.0.0.tgz",
      "integrity": "sha512-i5AmLBWErDN1chEVo3oA3OFCDpsmILg+ATWvhGeNASI/RyN073mNpDbhy+A+J0jqlDdmMHomUddlDEn9wPEI5g==",
      "cpu": [
        "arm64"
      ],
      "libc": [
        "musl"
      ],
      "license": "MIT",
      "optional": true,
      "os": [
        "linux"
      ],
      "engines": {
        "node": ">= 20"
      }
    },
    "node_modules/@toondepauw/node-zstd-linux-x64-gnu": {
      "version": "2.0.0",
      "resolved": "https://registry.npmjs.org/@toondepauw/node-zstd-linux-x64-gnu/-/node-zstd-linux-x64-gnu-2.0.0.tgz",
      "integrity": "sha512-A8yKwZnjQeYcllXgDX9J0m2MEqOBaRmZ8AIJjQNV/r0iSVRP0+6wR8WnHzTrKMgetODSjTNtJFNSr99s2wLzUw==",
      "cpu": [
        "x64"
      ],
      "libc": [
        "glibc"
      ],
      "license": "MIT",
      "optional": true,
      "os": [
        "linux"
      ],
      "engines": {
        "node": ">= 20"
      }
    },
    "node_modules/@toondepauw/node-zstd-linux-x64-musl": {
      "version": "2.0.0",
      "resolved": "https://registry.npmjs.org/@toondepauw/node-zstd-linux-x64-musl/-/node-zstd-linux-x64-musl-2.0.0.tgz",
      "integrity": "sha512-aPPCKmAP58wCeuRFbeA84RLadpVfomJeU/GcKuYWExGB4zmNyF6LlWiNIa10iQ+si4wpGKv/QouHgEYlrQuOvw==",
      "cpu": [
        "x64"
      ],
      "libc": [
        "musl"
      ],
      "license": "MIT",
      "optional": true,
      "os": [
        "linux"
      ],
      "engines": {
        "node": ">= 20"
      }
    },
    "node_modules/@toondepauw/node-zstd-win32-x64-msvc": {
      "version": "2.0.0",
      "resolved": "https://registry.npmjs.org/@toondepauw/node-zstd-win32-x64-msvc/-/node-zstd-win32-x64-msvc-2.0.0.tgz",
      "integrity": "sha512-wgTMb7iE21aZPi/mRaJr6fm2CDB8oTdai2w1Xbp3bh65pAwc6kUNPycPIZ2eBrd2EwpLr1pOhacenD5eE39EMw==",
      "cpu": [
        "x64"
      ],
      "license": "MIT",
      "optional": true,
      "os": [
        "win32"
      ],
      "engines": {
        "node": ">= 20"
      }
    },
    "node_modules/anynum": {
      "version": "1.0.1",
      "resolved": "https://registry.npmjs.org/anynum/-/anynum-1.0.1.tgz",
      "integrity": "sha512-N6//FLET/tXYNM/F6ABca1oH6fWB+KlTt909Le28WMDBk8oaT4vY17DCrwg2MvmuqUKt3Ni4N5dGJ/EoBgcO6A==",
      "funding": [
        {
          "type": "github",
          "url": "https://github.com/sponsors/NaturalIntelligence"
        }
      ],
      "license": "MIT"
    },
    "node_modules/bit-buffer": {
      "version": "0.2.5",
      "resolved": "https://registry.npmjs.org/bit-buffer/-/bit-buffer-0.2.5.tgz",
      "integrity": "sha512-x1yGnmXvFg6e3DiyRztElbcn1bsCTFSoM/ncAzY62uE0JdTl5xlKJd0ooqLYoPbhdsnpehSIQrdIvclcZJYwiA==",
      "license": "MIT"
    },
    "node_modules/fast-xml-builder": {
      "version": "1.2.1",
      "resolved": "https://registry.npmjs.org/fast-xml-builder/-/fast-xml-builder-1.2.1.tgz",
      "integrity": "sha512-tPb5TTWfgfVx5BNSi2xV0eLr89POeXXn0dXIsCJ9m1narrWxeIyx6je9d7Rce/3NyXLbvuQmLkxq+RuxMWejvw==",
      "funding": [
        {
          "type": "github",
          "url": "https://github.com/sponsors/NaturalIntelligence"
        }
      ],
      "license": "MIT",
      "dependencies": {
        "path-expression-matcher": "^1.5.0",
        "xml-naming": "^0.1.0"
      }
    },
    "node_modules/fast-xml-parser": {
      "version": "5.9.3",
      "resolved": "https://registry.npmjs.org/fast-xml-parser/-/fast-xml-parser-5.9.3.tgz",
      "integrity": "sha512-brCNCeScma/kqa54J4PIDriSSSLssRkuYaUCpvHJulGc3HGI/xxKUCTDcYkAdqJsyb//ydpbxecjC3hB9+tb/g==",
      "funding": [
        {
          "type": "github",
          "url": "https://github.com/sponsors/NaturalIntelligence"
        }
      ],
      "license": "MIT",
      "dependencies": {
        "@nodable/entities": "^2.2.0",
        "fast-xml-builder": "^1.2.0",
        "is-unsafe": "^1.0.1",
        "path-expression-matcher": "^1.5.0",
        "strnum": "^2.4.1",
        "xml-naming": "^0.1.0"
      },
      "bin": {
        "fxparser": "src/cli/cli.js"
      }
    },
    "node_modules/is-unsafe": {
      "version": "1.0.1",
      "resolved": "https://registry.npmjs.org/is-unsafe/-/is-unsafe-1.0.1.tgz",
      "integrity": "sha512-CLK2+VdgERgD96EYm5lUQssZYlRg2tkZnbsxZoacmSiRxiFJ4Nk4SzjCl+Ur+v3kXIY9dTIdb3IH22y1mZ56LA==",
      "funding": [
        {
          "type": "github",
          "url": "https://github.com/sponsors/NaturalIntelligence"
        }
      ],
      "license": "MIT"
    },
    "node_modules/madden-franchise": {
      "version": "4.3.1",
      "resolved": "https://registry.npmjs.org/madden-franchise/-/madden-franchise-4.3.1.tgz",
      "integrity": "sha512-Rk2RG5ICVYpMtdsPHZddDJjKumiIjfkLLMdF0Qe9JoD/gMHWLKh/X5pMZO8Y9Pm0y5WR+Lwumc20q9DDqnJsqg==",
      "license": "MIT",
      "dependencies": {
        "bit-buffer": "^0.2.5",
        "fast-xml-parser": "^5.2.5",
        "node-xml-stream-parser": "^1.0.12"
      },
      "engines": {
        "node": ">=22.19.0"
      }
    },
    "node_modules/node-xml-stream-parser": {
      "version": "1.0.12",
      "resolved": "https://registry.npmjs.org/node-xml-stream-parser/-/node-xml-stream-parser-1.0.12.tgz",
      "integrity": "sha512-qfUiDv1F6OMSltv2/ay32q7fp995OrA3TmEdlwFcxEjAQPiEAH+qi3jAh0QjOTXNbdLa5hoYhuBPCiylllGfjg==",
      "license": "MIT"
    },
    "node_modules/path-expression-matcher": {
      "version": "1.6.2",
      "resolved": "https://registry.npmjs.org/path-expression-matcher/-/path-expression-matcher-1.6.2.tgz",
      "integrity": "sha512-enSlaiat05iasnzmgNxRj8reFdj3puY2QpNgP1aPIaVfT6nn9ICuPoFlKHk8EN22HcwewshO+mN2DGbkCEOtqQ==",
      "funding": [
        {
          "type": "github",
          "url": "https://github.com/sponsors/NaturalIntelligence"
        }
      ],
      "license": "MIT",
      "engines": {
        "node": ">=14.0.0"
      }
    },
    "node_modules/strnum": {
      "version": "2.4.1",
      "resolved": "https://registry.npmjs.org/strnum/-/strnum-2.4.1.tgz",
      "integrity": "sha512-M9eUSMT2dCB2cTNPG7UYj6KuK7RJR2SN2+yCV/fTW3xzTCS6EaGZ5pSMgDIjB7r8zSfTGk+dvvn9rTjpVS9Mwg==",
      "funding": [
        {
          "type": "github",
          "url": "https://github.com/sponsors/NaturalIntelligence"
        }
      ],
      "license": "MIT",
      "dependencies": {
        "anynum": "^1.0.1"
      }
    },
    "node_modules/xml-naming": {
      "version": "0.1.0",
      "resolved": "https://registry.npmjs.org/xml-naming/-/xml-naming-0.1.0.tgz",
      "integrity": "sha512-k8KO9hrMyNk6tUWqUfkTEZbezRRpONVOzUTnc97VnCvyj6Tf9lyUR9EDAIeiVLv56jsMcoXEwjW8Kv5yPY52lw==",
      "funding": [
        {
          "type": "github",
          "url": "https://github.com/sponsors/NaturalIntelligence"
        }
      ],
      "license": "MIT",
      "engines": {
        "node": ">=16.0.0"
      }
    }
  }
}
